// !$*UTF8*$!
{
	archiveVersion = 1;
	classes = {
	};
	objectVersion = 55;
	objects = {

/* Begin PBXBuildFile section */
		83226B93286991690023F4CF /* HomeViewModel.swift in Sources */ = {isa = PBXBuildFile; fileRef = 83226B92286991690023F4CF /* HomeViewModel.swift */; };
		83226B95286991760023F4CF /* HomeItemViewModel.swift in Sources */ = {isa = PBXBuildFile; fileRef = 83226B94286991760023F4CF /* HomeItemViewModel.swift */; };
		83226B982869918F0023F4CF /* WeatherCell.swift in Sources */ = {isa = PBXBuildFile; fileRef = 83226B962869918F0023F4CF /* WeatherCell.swift */; };
		83226B992869918F0023F4CF /* WeatherCell.xib in Resources */ = {isa = PBXBuildFile; fileRef = 83226B972869918F0023F4CF /* WeatherCell.xib */; };
		83226B9C286996CA0023F4CF /* Location.swift in Sources */ = {isa = PBXBuildFile; fileRef = 83226B9B286996CA0023F4CF /* Location.swift */; };
		83226B9E286996F70023F4CF /* Weather.swift in Sources */ = {isa = PBXBuildFile; fileRef = 83226B9D286996F70023F4CF /* Weather.swift */; };
		83226BA0286997BA0023F4CF /* UICollectionViewExtension.swift in Sources */ = {isa = PBXBuildFile; fileRef = 83226B9F286997BA0023F4CF /* UICollectionViewExtension.swift */; };
		83CF142D286954D800369F38 /* AppDelegate.swift in Sources */ = {isa = PBXBuildFile; fileRef = 83CF142C286954D800369F38 /* AppDelegate.swift */; };
		83CF142F286954D800369F38 /* SceneDelegate.swift in Sources */ = {isa = PBXBuildFile; fileRef = 83CF142E286954D800369F38 /* SceneDelegate.swift */; };
		83CF1431286954D800369F38 /* ViewController.swift in Sources */ = {isa = PBXBuildFile; fileRef = 83CF1430286954D800369F38 /* ViewController.swift */; };
		83CF1434286954D800369F38 /* Main.storyboard in Resources */ = {isa = PBXBuildFile; fileRef = 83CF1432286954D800369F38 /* Main.storyboard */; };
		83CF1436286954DA00369F38 /* Assets.xcassets in Resources */ = {isa = PBXBuildFile; fileRef = 83CF1435286954DA00369F38 /* Assets.xcassets */; };
		83CF1439286954DA00369F38 /* LaunchScreen.storyboard in Resources */ = {isa = PBXBuildFile; fileRef = 83CF1437286954DA00369F38 /* LaunchScreen.storyboard */; };
		83CF144328695B6700369F38 /* HomeViewController.swift in Sources */ = {isa = PBXBuildFile; fileRef = 83CF144128695B6700369F38 /* HomeViewController.swift */; };
		83CF144428695B6700369F38 /* HomeViewController.xib in Resources */ = {isa = PBXBuildFile; fileRef = 83CF144228695B6700369F38 /* HomeViewController.xib */; };
		83CF144A28695B8200369F38 /* UITableViewExtension.swift in Sources */ = {isa = PBXBuildFile; fileRef = 83CF144628695B8100369F38 /* UITableViewExtension.swift */; };
		83CF144B28695B8200369F38 /* UIColorExtension.swift in Sources */ = {isa = PBXBuildFile; fileRef = 83CF144728695B8200369F38 /* UIColorExtension.swift */; };
		83CF144C28695B8200369F38 /* UIButtonExtension.swift in Sources */ = {isa = PBXBuildFile; fileRef = 83CF144828695B8200369F38 /* UIButtonExtension.swift */; };
		83CF144D28695B8200369F38 /* UIViewExtension.swift in Sources */ = {isa = PBXBuildFile; fileRef = 83CF144928695B8200369F38 /* UIViewExtension.swift */; };
		83CF145A28695E6900369F38 /* SFPRODISPLAYSEMIBOLDITALIC.OTF in Resources */ = {isa = PBXBuildFile; fileRef = 83CF145128695E6900369F38 /* SFPRODISPLAYSEMIBOLDITALIC.OTF */; };
		83CF145B28695E6900369F38 /* SFPRODISPLAYHEAVYITALIC.OTF in Resources */ = {isa = PBXBuildFile; fileRef = 83CF145228695E6900369F38 /* SFPRODISPLAYHEAVYITALIC.OTF */; };
		83CF145C28695E6900369F38 /* SFPRODISPLAYLIGHTITALIC.OTF in Resources */ = {isa = PBXBuildFile; fileRef = 83CF145328695E6900369F38 /* SFPRODISPLAYLIGHTITALIC.OTF */; };
		83CF145D28695E6900369F38 /* SFPRODISPLAYBLACKITALIC.OTF in Resources */ = {isa = PBXBuildFile; fileRef = 83CF145428695E6900369F38 /* SFPRODISPLAYBLACKITALIC.OTF */; };
		83CF145E28695E6900369F38 /* SFPRODISPLAYREGULAR.OTF in Resources */ = {isa = PBXBuildFile; fileRef = 83CF145528695E6900369F38 /* SFPRODISPLAYREGULAR.OTF */; };
		83CF145F28695E6900369F38 /* SFPRODISPLAYTHINITALIC.OTF in Resources */ = {isa = PBXBuildFile; fileRef = 83CF145628695E6900369F38 /* SFPRODISPLAYTHINITALIC.OTF */; };
		83CF146028695E6900369F38 /* SFPRODISPLAYBOLD.OTF in Resources */ = {isa = PBXBuildFile; fileRef = 83CF145728695E6900369F38 /* SFPRODISPLAYBOLD.OTF */; };
		83CF146128695E6900369F38 /* SFPRODISPLAYMEDIUM.OTF in Resources */ = {isa = PBXBuildFile; fileRef = 83CF145828695E6900369F38 /* SFPRODISPLAYMEDIUM.OTF */; };
		83CF146228695E6900369F38 /* SFPRODISPLAYULTRALIGHTITALIC.OTF in Resources */ = {isa = PBXBuildFile; fileRef = 83CF145928695E6900369F38 /* SFPRODISPLAYULTRALIGHTITALIC.OTF */; };
		83CF1467286985CC00369F38 /* AddView.swift in Sources */ = {isa = PBXBuildFile; fileRef = 83CF1466286985CC00369F38 /* AddView.swift */; };
		83CF146928698EB000369F38 /* LineView.swift in Sources */ = {isa = PBXBuildFile; fileRef = 83CF146828698EB000369F38 /* LineView.swift */; };
/* End PBXBuildFile section */

/* Begin PBXFileReference section */
		83226B92286991690023F4CF /* HomeViewModel.swift */ = {isa = PBXFileReference; lastKnownFileType = sourcecode.swift; path = HomeViewModel.swift; sourceTree = "<group>"; };
		83226B94286991760023F4CF /* HomeItemViewModel.swift */ = {isa = PBXFileReference; lastKnownFileType = sourcecode.swift; path = HomeItemViewModel.swift; sourceTree = "<group>"; };
		83226B962869918F0023F4CF /* WeatherCell.swift */ = {isa = PBXFileReference; lastKnownFileType = sourcecode.swift; path = WeatherCell.swift; sourceTree = "<group>"; };
		83226B972869918F0023F4CF /* WeatherCell.xib */ = {isa = PBXFileReference; lastKnownFileType = file.xib; path = WeatherCell.xib; sourceTree = "<group>"; };
		83226B9B286996CA0023F4CF /* Location.swift */ = {isa = PBXFileReference; lastKnownFileType = sourcecode.swift; path = Location.swift; sourceTree = "<group>"; };
		83226B9D286996F70023F4CF /* Weather.swift */ = {isa = PBXFileReference; lastKnownFileType = sourcecode.swift; path = Weather.swift; sourceTree = "<group>"; };
		83226B9F286997BA0023F4CF /* UICollectionViewExtension.swift */ = {isa = PBXFileReference; lastKnownFileType = sourcecode.swift; path = UICollectionViewExtension.swift; sourceTree = "<group>"; };
		83CF1429286954D800369F38 /* MyWeather.app */ = {isa = PBXFileReference; explicitFileType = wrapper.application; includeInIndex = 0; path = MyWeather.app; sourceTree = BUILT_PRODUCTS_DIR; };
		83CF142C286954D800369F38 /* AppDelegate.swift */ = {isa = PBXFileReference; lastKnownFileType = sourcecode.swift; path = AppDelegate.swift; sourceTree = "<group>"; };
		83CF142E286954D800369F38 /* SceneDelegate.swift */ = {isa = PBXFileReference; lastKnownFileType = sourcecode.swift; path = SceneDelegate.swift; sourceTree = "<group>"; };
		83CF1430286954D800369F38 /* ViewController.swift */ = {isa = PBXFileReference; lastKnownFileType = sourcecode.swift; path = ViewController.swift; sourceTree = "<group>"; };
		83CF1433286954D800369F38 /* Base */ = {isa = PBXFileReference; lastKnownFileType = file.storyboard; name = Base; path = Base.lproj/Main.storyboard; sourceTree = "<group>"; };
		83CF1435286954DA00369F38 /* Assets.xcassets */ = {isa = PBXFileReference; lastKnownFileType = folder.assetcatalog; path = Assets.xcassets; sourceTree = "<group>"; };
		83CF1438286954DA00369F38 /* Base */ = {isa = PBXFileReference; lastKnownFileType = file.storyboard; name = Base; path = Base.lproj/LaunchScreen.storyboard; sourceTree = "<group>"; };
		83CF143A286954DA00369F38 /* Info.plist */ = {isa = PBXFileReference; lastKnownFileType = text.plist.xml; path = Info.plist; sourceTree = "<group>"; };
		83CF144128695B6700369F38 /* HomeViewController.swift */ = {isa = PBXFileReference; lastKnownFileType = sourcecode.swift; path = HomeViewController.swift; sourceTree = "<group>"; };
		83CF144228695B6700369F38 /* HomeViewController.xib */ = {isa = PBXFileReference; lastKnownFileType = file.xib; path = HomeViewController.xib; sourceTree = "<group>"; };
		83CF144628695B8100369F38 /* UITableViewExtension.swift */ = {isa = PBXFileReference; fileEncoding = 4; lastKnownFileType = sourcecode.swift; path = UITableViewExtension.swift; sourceTree = "<group>"; };
		83CF144728695B8200369F38 /* UIColorExtension.swift */ = {isa = PBXFileReference; fileEncoding = 4; lastKnownFileType = sourcecode.swift; path = UIColorExtension.swift; sourceTree = "<group>"; };
		83CF144828695B8200369F38 /* UIButtonExtension.swift */ = {isa = PBXFileReference; fileEncoding = 4; lastKnownFileType = sourcecode.swift; path = UIButtonExtension.swift; sourceTree = "<group>"; };
		83CF144928695B8200369F38 /* UIViewExtension.swift */ = {isa = PBXFileReference; fileEncoding = 4; lastKnownFileType = sourcecode.swift; path = UIViewExtension.swift; sourceTree = "<group>"; };
		83CF145128695E6900369F38 /* SFPRODISPLAYSEMIBOLDITALIC.OTF */ = {isa = PBXFileReference; lastKnownFileType = file; path = SFPRODISPLAYSEMIBOLDITALIC.OTF; sourceTree = "<group>"; };
		83CF145228695E6900369F38 /* SFPRODISPLAYHEAVYITALIC.OTF */ = {isa = PBXFileReference; lastKnownFileType = file; path = SFPRODISPLAYHEAVYITALIC.OTF; sourceTree = "<group>"; };
		83CF145328695E6900369F38 /* SFPRODISPLAYLIGHTITALIC.OTF */ = {isa = PBXFileReference; lastKnownFileType = file; path = SFPRODISPLAYLIGHTITALIC.OTF; sourceTree = "<group>"; };
		83CF145428695E6900369F38 /* SFPRODISPLAYBLACKITALIC.OTF */ = {isa = PBXFileReference; lastKnownFileType = file; path = SFPRODISPLAYBLACKITALIC.OTF; sourceTree = "<group>"; };
		83CF145528695E6900369F38 /* SFPRODISPLAYREGULAR.OTF */ = {isa = PBXFileReference; lastKnownFileType = file; path = SFPRODISPLAYREGULAR.OTF; sourceTree = "<group>"; };
		83CF145628695E6900369F38 /* SFPRODISPLAYTHINITALIC.OTF */ = {isa = PBXFileReference; lastKnownFileType = file; path = SFPRODISPLAYTHINITALIC.OTF; sourceTree = "<group>"; };
		83CF145728695E6900369F38 /* SFPRODISPLAYBOLD.OTF */ = {isa = PBXFileReference; lastKnownFileType = file; path = SFPRODISPLAYBOLD.OTF; sourceTree = "<group>"; };
		83CF145828695E6900369F38 /* SFPRODISPLAYMEDIUM.OTF */ = {isa = PBXFileReference; lastKnownFileType = file; path = SFPRODISPLAYMEDIUM.OTF; sourceTree = "<group>"; };
		83CF145928695E6900369F38 /* SFPRODISPLAYULTRALIGHTITALIC.OTF */ = {isa = PBXFileReference; lastKnownFileType = file; path = SFPRODISPLAYULTRALIGHTITALIC.OTF; sourceTree = "<group>"; };
		83CF1466286985CC00369F38 /* AddView.swift */ = {isa = PBXFileReference; lastKnownFileType = sourcecode.swift; path = AddView.swift; sourceTree = "<group>"; };
		83CF146828698EB000369F38 /* LineView.swift */ = {isa = PBXFileReference; lastKnownFileType = sourcecode.swift; path = LineView.swift; sourceTree = "<group>"; };
/* End PBXFileReference section */

/* Begin PBXFrameworksBuildPhase section */
		83CF1426286954D800369F38 /* Frameworks */ = {
			isa = PBXFrameworksBuildPhase;
			buildActionMask = 2147483647;
			files = (
			);
			runOnlyForDeploymentPostprocessing = 0;
		};
/* End PBXFrameworksBuildPhase section */

/* Begin PBXGroup section */
		83226B90286991500023F4CF /* Cell */ = {
			isa = PBXGroup;
			children = (
				83226B962869918F0023F4CF /* WeatherCell.swift */,
				83226B972869918F0023F4CF /* WeatherCell.xib */,
			);
			path = Cell;
			sourceTree = "<group>";
		};
		83226B91286991560023F4CF /* Model */ = {
			isa = PBXGroup;
			children = (
				83226B92286991690023F4CF /* HomeViewModel.swift */,
				83226B94286991760023F4CF /* HomeItemViewModel.swift */,
			);
			path = Model;
			sourceTree = "<group>";
		};
		83226B9A286996B90023F4CF /* Model */ = {
			isa = PBXGroup;
			children = (
				83226B9B286996CA0023F4CF /* Location.swift */,
				83226B9D286996F70023F4CF /* Weather.swift */,
			);
			path = Model;
			sourceTree = "<group>";
		};
		83CF1420286954D800369F38 = {
			isa = PBXGroup;
			children = (
				83CF142B286954D800369F38 /* MyWeather */,
				83CF142A286954D800369F38 /* Products */,
			);
			sourceTree = "<group>";
		};
		83CF142A286954D800369F38 /* Products */ = {
			isa = PBXGroup;
			children = (
				83CF1429286954D800369F38 /* MyWeather.app */,
			);
			name = Products;
			sourceTree = "<group>";
		};
		83CF142B286954D800369F38 /* MyWeather */ = {
			isa = PBXGroup;
			children = (
				83226B9A286996B90023F4CF /* Model */,
				83CF1464286985A500369F38 /* Common */,
				83CF144028695B5400369F38 /* Home */,
				83CF142C286954D800369F38 /* AppDelegate.swift */,
				83CF142E286954D800369F38 /* SceneDelegate.swift */,
				83CF1430286954D800369F38 /* ViewController.swift */,
				83CF1432286954D800369F38 /* Main.storyboard */,
				83CF1435286954DA00369F38 /* Assets.xcassets */,
				83CF1437286954DA00369F38 /* LaunchScreen.storyboard */,
				83CF143A286954DA00369F38 /* Info.plist */,
			);
			path = MyWeather;
			sourceTree = "<group>";
		};
		83CF144028695B5400369F38 /* Home */ = {
			isa = PBXGroup;
			children = (
				83226B91286991560023F4CF /* Model */,
				83226B90286991500023F4CF /* Cell */,
				83CF144128695B6700369F38 /* HomeViewController.swift */,
				83CF144228695B6700369F38 /* HomeViewController.xib */,
			);
			path = Home;
			sourceTree = "<group>";
		};
		83CF144528695B6F00369F38 /* Extension */ = {
			isa = PBXGroup;
			children = (
				83CF144828695B8200369F38 /* UIButtonExtension.swift */,
				83CF144728695B8200369F38 /* UIColorExtension.swift */,
				83CF144628695B8100369F38 /* UITableViewExtension.swift */,
				83CF144928695B8200369F38 /* UIViewExtension.swift */,
				83226B9F286997BA0023F4CF /* UICollectionViewExtension.swift */,
			);
			path = Extension;
			sourceTree = "<group>";
		};
		83CF144E28695CCC00369F38 /* Resource */ = {
			isa = PBXGroup;
			children = (
				83CF144F28695CD500369F38 /* Font */,
			);
			path = Resource;
			sourceTree = "<group>";
		};
		83CF144F28695CD500369F38 /* Font */ = {
			isa = PBXGroup;
			children = (
				83CF145028695E6900369F38 /* sf-pro-display-cufonfonts */,
			);
			path = Font;
			sourceTree = "<group>";
		};
		83CF145028695E6900369F38 /* sf-pro-display-cufonfonts */ = {
			isa = PBXGroup;
			children = (
				83CF145128695E6900369F38 /* SFPRODISPLAYSEMIBOLDITALIC.OTF */,
				83CF145228695E6900369F38 /* SFPRODISPLAYHEAVYITALIC.OTF */,
				83CF145328695E6900369F38 /* SFPRODISPLAYLIGHTITALIC.OTF */,
				83CF145428695E6900369F38 /* SFPRODISPLAYBLACKITALIC.OTF */,
				83CF145528695E6900369F38 /* SFPRODISPLAYREGULAR.OTF */,
				83CF145628695E6900369F38 /* SFPRODISPLAYTHINITALIC.OTF */,
				83CF145728695E6900369F38 /* SFPRODISPLAYBOLD.OTF */,
				83CF145828695E6900369F38 /* SFPRODISPLAYMEDIUM.OTF */,
				83CF145928695E6900369F38 /* SFPRODISPLAYULTRALIGHTITALIC.OTF */,
			);
			path = "sf-pro-display-cufonfonts";
			sourceTree = "<group>";
		};
		83CF1464286985A500369F38 /* Common */ = {
			isa = PBXGroup;
			children = (
				83CF1465286985AE00369F38 /* View */,
				83CF144E28695CCC00369F38 /* Resource */,
				83CF144528695B6F00369F38 /* Extension */,
			);
			path = Common;
			sourceTree = "<group>";
		};
		83CF1465286985AE00369F38 /* View */ = {
			isa = PBXGroup;
			children = (
				83CF1466286985CC00369F38 /* AddView.swift */,
				83CF146828698EB000369F38 /* LineView.swift */,
			);
			path = View;
			sourceTree = "<group>";
		};
/* End PBXGroup section */

/* Begin PBXNativeTarget section */
		83CF1428286954D800369F38 /* MyWeather */ = {
			isa = PBXNativeTarget;
			buildConfigurationList = 83CF143D286954DA00369F38 /* Build configuration list for PBXNativeTarget "MyWeather" */;
			buildPhases = (
				83CF1425286954D800369F38 /* Sources */,
				83CF1426286954D800369F38 /* Frameworks */,
				83CF1427286954D800369F38 /* Resources */,
			);
			buildRules = (
			);
			dependencies = (
			);
			name = MyWeather;
			productName = MyWeather;
			productReference = 83CF1429286954D800369F38 /* MyWeather.app */;
			productType = "com.apple.product-type.application";
		};
/* End PBXNativeTarget section */

/* Begin PBXProject section */
		83CF1421286954D800369F38 /* Project object */ = {
			isa = PBXProject;
			attributes = {
				BuildIndependentTargetsInParallel = 1;
				LastSwiftUpdateCheck = 1330;
				LastUpgradeCheck = 1330;
				TargetAttributes = {
					83CF1428286954D800369F38 = {
						CreatedOnToolsVersion = 13.3;
					};
				};
			};
			buildConfigurationList = 83CF1424286954D800369F38 /* Build configuration list for PBXProject "MyWeather" */;
			compatibilityVersion = "Xcode 13.0";
			developmentRegion = en;
			hasScannedForEncodings = 0;
			knownRegions = (
				en,
				Base,
			);
			mainGroup = 83CF1420286954D800369F38;
			productRefGroup = 83CF142A286954D800369F38 /* Products */;
			projectDirPath = "";
			projectRoot = "";
			targets = (
				83CF1428286954D800369F38 /* MyWeather */,
			);
		};
/* End PBXProject section */

/* Begin PBXResourcesBuildPhase section */
		83CF1427286954D800369F38 /* Resources */ = {
			isa = PBXResourcesBuildPhase;
			buildActionMask = 2147483647;
			files = (
				83CF1439286954DA00369F38 /* LaunchScreen.storyboard in Resources */,
				83CF145A28695E6900369F38 /* SFPRODISPLAYSEMIBOLDITALIC.OTF in Resources */,
				83CF146228695E6900369F38 /* SFPRODISPLAYULTRALIGHTITALIC.OTF in Resources */,
				83CF1436286954DA00369F38 /* Assets.xcassets in Resources */,
				83226B992869918F0023F4CF /* WeatherCell.xib in Resources */,
				83CF145B28695E6900369F38 /* SFPRODISPLAYHEAVYITALIC.OTF in Resources */,
				83CF145F28695E6900369F38 /* SFPRODISPLAYTHINITALIC.OTF in Resources */,
				83CF145E28695E6900369F38 /* SFPRODISPLAYREGULAR.OTF in Resources */,
				83CF146128695E6900369F38 /* SFPRODISPLAYMEDIUM.OTF in Resources */,
				83CF145C28695E6900369F38 /* SFPRODISPLAYLIGHTITALIC.OTF in Resources */,
				83CF146028695E6900369F38 /* SFPRODISPLAYBOLD.OTF in Resources */,
				83CF145D28695E6900369F38 /* SFPRODISPLAYBLACKITALIC.OTF in Resources */,
				83CF1434286954D800369F38 /* Main.storyboard in Resources */,
				83CF144428695B6700369F38 /* HomeViewController.xib in Resources */,
			);
			runOnlyForDeploymentPostprocessing = 0;
		};
/* End PBXResourcesBuildPhase section */

/* Begin PBXSourcesBuildPhase section */
		83CF1425286954D800369F38 /* Sources */ = {
			isa = PBXSourcesBuildPhase;
			buildActionMask = 2147483647;
			files = (
				83CF1431286954D800369F38 /* ViewController.swift in Sources */,
				83226B93286991690023F4CF /* HomeViewModel.swift in Sources */,
				83226B95286991760023F4CF /* HomeItemViewModel.swift in Sources */,
				83CF144A28695B8200369F38 /* UITableViewExtension.swift in Sources */,
				83226B9E286996F70023F4CF /* Weather.swift in Sources */,
				83226B982869918F0023F4CF /* WeatherCell.swift in Sources */,
				83CF1467286985CC00369F38 /* AddView.swift in Sources */,
				83226B9C286996CA0023F4CF /* Location.swift in Sources */,
				83CF142D286954D800369F38 /* AppDelegate.swift in Sources */,
				83CF142F286954D800369F38 /* SceneDelegate.swift in Sources */,
				83CF144C28695B8200369F38 /* UIButtonExtension.swift in Sources */,
				83CF144328695B6700369F38 /* HomeViewController.swift in Sources */,
				83226BA0286997BA0023F4CF /* UICollectionViewExtension.swift in Sources */,
				83CF144D28695B8200369F38 /* UIViewExtension.swift in Sources */,
				83CF146928698EB000369F38 /* LineView.swift in Sources */,
				83CF144B28695B8200369F38 /* UIColorExtension.swift in Sources */,
			);
			runOnlyForDeploymentPostprocessing = 0;
		};
/* End PBXSourcesBuildPhase section */

/* Begin PBXVariantGroup section */
		83CF1432286954D800369F38 /* Main.storyboard */ = {
			isa = PBXVariantGroup;
			children = (
				83CF1433286954D800369F38 /* Base */,
			);
			name = Main.storyboard;
			sourceTree = "<group>";
		};
		83CF1437286954DA00369F38 /* LaunchScreen.storyboard */ = {
			isa = PBXVariantGroup;
			children = (
				83CF1438286954DA00369F38 /* Base */,
			);
			name = LaunchScreen.storyboard;
			sourceTree = "<group>";
		};
/* End PBXVariantGroup section */

/* Begin XCBuildConfiguration section */
		83CF143B286954DA00369F38 /* Debug */ = {
			isa = XCBuildConfiguration;
			buildSettings = {
				ALWAYS_SEARCH_USER_PATHS = NO;
				CLANG_ANALYZER_NONNULL = YES;
				CLANG_ANALYZER_NUMBER_OBJECT_CONVERSION = YES_AGGRESSIVE;
				CLANG_CXX_LANGUAGE_STANDARD = "gnu++17";
				CLANG_ENABLE_MODULES = YES;
				CLANG_ENABLE_OBJC_ARC = YES;
				CLANG_ENABLE_OBJC_WEAK = YES;
				CLANG_WARN_BLOCK_CAPTURE_AUTORELEASING = YES;
				CLANG_WARN_BOOL_CONVERSION = YES;
				CLANG_WARN_COMMA = YES;
				CLANG_WARN_CONSTANT_CONVERSION = YES;
				CLANG_WARN_DEPRECATED_OBJC_IMPLEMENTATIONS = YES;
				CLANG_WARN_DIRECT_OBJC_ISA_USAGE = YES_ERROR;
				CLANG_WARN_DOCUMENTATION_COMMENTS = YES;
				CLANG_WARN_EMPTY_BODY = YES;
				CLANG_WARN_ENUM_CONVERSION = YES;
				CLANG_WARN_INFINITE_RECURSION = YES;
				CLANG_WARN_INT_CONVERSION = YES;
				CLANG_WARN_NON_LITERAL_NULL_CONVERSION = YES;
				CLANG_WARN_OBJC_IMPLICIT_RETAIN_SELF = YES;
				CLANG_WARN_OBJC_LITERAL_CONVERSION = YES;
				CLANG_WARN_OBJC_ROOT_CLASS = YES_ERROR;
				CLANG_WARN_QUOTED_INCLUDE_IN_FRAMEWORK_HEADER = YES;
				CLANG_WARN_RANGE_LOOP_ANALYSIS = YES;
				CLANG_WARN_STRICT_PROTOTYPES = YES;
				CLANG_WARN_SUSPICIOUS_MOVE = YES;
				CLANG_WARN_UNGUARDED_AVAILABILITY = YES_AGGRESSIVE;
				CLANG_WARN_UNREACHABLE_CODE = YES;
				CLANG_WARN__DUPLICATE_METHOD_MATCH = YES;
				COPY_PHASE_STRIP = NO;
				DEBUG_INFORMATION_FORMAT = dwarf;
				ENABLE_STRICT_OBJC_MSGSEND = YES;
				ENABLE_TESTABILITY = YES;
				GCC_C_LANGUAGE_STANDARD = gnu11;
				GCC_DYNAMIC_NO_PIC = NO;
				GCC_NO_COMMON_BLOCKS = YES;
				GCC_OPTIMIZATION_LEVEL = 0;
				GCC_PREPROCESSOR_DEFINITIONS = (
					"DEBUG=1",
					"$(inherited)",
				);
				GCC_WARN_64_TO_32_BIT_CONVERSION = YES;
				GCC_WARN_ABOUT_RETURN_TYPE = YES_ERROR;
				GCC_WARN_UNDECLARED_SELECTOR = YES;
				GCC_WARN_UNINITIALIZED_AUTOS = YES_AGGRESSIVE;
				GCC_WARN_UNUSED_FUNCTION = YES;
				GCC_WARN_UNUSED_VARIABLE = YES;
				IPHONEOS_DEPLOYMENT_TARGET = 15.4;
				MTL_ENABLE_DEBUG_INFO = INCLUDE_SOURCE;
				MTL_FAST_MATH = YES;
				ONLY_ACTIVE_ARCH = YES;
				SDKROOT = iphoneos;
				SWIFT_ACTIVE_COMPILATION_CONDITIONS = DEBUG;
				SWIFT_OPTIMIZATION_LEVEL = "-Onone";
			};
			name = Debug;
		};
		83CF143C286954DA00369F38 /* Release */ = {
			isa = XCBuildConfiguration;
			buildSettings = {
				ALWAYS_SEARCH_USER_PATHS = NO;
				CLANG_ANALYZER_NONNULL = YES;
				CLANG_ANALYZER_NUMBER_OBJECT_CONVERSION = YES_AGGRESSIVE;
				CLANG_CXX_LANGUAGE_STANDARD = "gnu++17";
				CLANG_ENABLE_MODULES = YES;
				CLANG_ENABLE_OBJC_ARC = YES;
				CLANG_ENABLE_OBJC_WEAK = YES;
				CLANG_WARN_BLOCK_CAPTURE_AUTORELEASING = YES;
				CLANG_WARN_BOOL_CONVERSION = YES;
				CLANG_WARN_COMMA = YES;
				CLANG_WARN_CONSTANT_CONVERSION = YES;
				CLANG_WARN_DEPRECATED_OBJC_IMPLEMENTATIONS = YES;
				CLANG_WARN_DIRECT_OBJC_ISA_USAGE = YES_ERROR;
				CLANG_WARN_DOCUMENTATION_COMMENTS = YES;
				CLANG_WARN_EMPTY_BODY = YES;
				CLANG_WARN_ENUM_CONVERSION = YES;
				CLANG_WARN_INFINITE_RECURSION = YES;
				CLANG_WARN_INT_CONVERSION = YES;
				CLANG_WARN_NON_LITERAL_NULL_CONVERSION = YES;
				CLANG_WARN_OBJC_IMPLICIT_RETAIN_SELF = YES;
				CLANG_WARN_OBJC_LITERAL_CONVERSION = YES;
				CLANG_WARN_OBJC_ROOT_CLASS = YES_ERROR;
				CLANG_WARN_QUOTED_INCLUDE_IN_FRAMEWORK_HEADER = YES;
				CLANG_WARN_RANGE_LOOP_ANALYSIS = YES;
				CLANG_WARN_STRICT_PROTOTYPES = YES;
				CLANG_WARN_SUSPICIOUS_MOVE = YES;
				CLANG_WARN_UNGUARDED_AVAILABILITY = YES_AGGRESSIVE;
				CLANG_WARN_UNREACHABLE_CODE = YES;
				CLANG_WARN__DUPLICATE_METHOD_MATCH = YES;
				COPY_PHASE_STRIP = NO;
				DEBUG_INFORMATION_FORMAT = "dwarf-with-dsym";
				ENABLE_NS_ASSERTIONS = NO;
				ENABLE_STRICT_OBJC_MSGSEND = YES;
				GCC_C_LANGUAGE_STANDARD = gnu11;
				GCC_NO_COMMON_BLOCKS = YES;
				GCC_WARN_64_TO_32_BIT_CONVERSION = YES;
				GCC_WARN_ABOUT_RETURN_TYPE = YES_ERROR;
				GCC_WARN_UNDECLARED_SELECTOR = YES;
				GCC_WARN_UNINITIALIZED_AUTOS = YES_AGGRESSIVE;
				GCC_WARN_UNUSED_FUNCTION = YES;
				GCC_WARN_UNUSED_VARIABLE = YES;
				IPHONEOS_DEPLOYMENT_TARGET = 15.4;
				MTL_ENABLE_DEBUG_INFO = NO;
				MTL_FAST_MATH = YES;
				SDKROOT = iphoneos;
				SWIFT_COMPILATION_MODE = wholemodule;
				SWIFT_OPTIMIZATION_LEVEL = "-O";
				VALIDATE_PRODUCT = YES;
			};
			name = Release;
		};
		83CF143E286954DA00369F38 /* Debug */ = {
			isa = XCBuildConfiguration;
			buildSettings = {
				ASSETCATALOG_COMPILER_APPICON_NAME = AppIcon;
				ASSETCATALOG_COMPILER_GLOBAL_ACCENT_COLOR_NAME = AccentColor;
				CODE_SIGN_STYLE = Automatic;
				CURRENT_PROJECT_VERSION = 1;
				DEVELOPMENT_TEAM = NS9ZL6QW8L;
				GENERATE_INFOPLIST_FILE = YES;
				INFOPLIST_FILE = MyWeather/Info.plist;
				INFOPLIST_KEY_UIApplicationSupportsIndirectInputEvents = YES;
				INFOPLIST_KEY_UILaunchStoryboardName = LaunchScreen;
				INFOPLIST_KEY_UIMainStoryboardFile = Main;
				INFOPLIST_KEY_UISupportedInterfaceOrientations_iPad = "UIInterfaceOrientationPortrait UIInterfaceOrientationPortraitUpsideDown UIInterfaceOrientationLandscapeLeft UIInterfaceOrientationLandscapeRight";
				INFOPLIST_KEY_UISupportedInterfaceOrientations_iPhone = "UIInterfaceOrientationPortrait UIInterfaceOrientationLandscapeLeft UIInterfaceOrientationLandscapeRight";
				LD_RUNPATH_SEARCH_PATHS = (
					"$(inherited)",
					"@executable_path/Frameworks",
				);
				MARKETING_VERSION = 1.0;
				PRODUCT_BUNDLE_IDENTIFIER = com.solar.MyWeather;
				PRODUCT_NAME = "$(TARGET_NAME)";
				SWIFT_EMIT_LOC_STRINGS = YES;
				SWIFT_VERSION = 5.0;
				TARGETED_DEVICE_FAMILY = "1,2";
			};
			name = Debug;
		};
		83CF143F286954DA00369F38 /* Release */ = {
			isa = XCBuildConfiguration;
			buildSettings = {
				ASSETCATALOG_COMPILER_APPICON_NAME = AppIcon;
				ASSETCATALOG_COMPILER_GLOBAL_ACCENT_COLOR_NAME = AccentColor;
				CODE_SIGN_STYLE = Automatic;
				CURRENT_PROJECT_VERSION = 1;
				DEVELOPMENT_TEAM = NS9ZL6QW8L;
				GENERATE_INFOPLIST_FILE = YES;
				INFOPLIST_FILE = MyWeather/Info.plist;
				INFOPLIST_KEY_UIApplicationSupportsIndirectInputEvents = YES;
				INFOPLIST_KEY_UILaunchStoryboardName = LaunchScreen;
				INFOPLIST_KEY_UIMainStoryboardFile = Main;
				INFOPLIST_KEY_UISupportedInterfaceOrientations_iPad = "UIInterfaceOrientationPortrait UIInterfaceOrientationPortraitUpsideDown UIInterfaceOrientationLandscapeLeft UIInterfaceOrientationLandscapeRight";
				INFOPLIST_KEY_UISupportedInterfaceOrientations_iPhone = "UIInterfaceOrientationPortrait UIInterfaceOrientationLandscapeLeft UIInterfaceOrientationLandscapeRight";
				LD_RUNPATH_SEARCH_PATHS = (
					"$(inherited)",
					"@executable_path/Frameworks",
				);
				MARKETING_VERSION = 1.0;
				PRODUCT_BUNDLE_IDENTIFIER = com.solar.MyWeather;
				PRODUCT_NAME = "$(TARGET_NAME)";
				SWIFT_EMIT_LOC_STRINGS = YES;
				SWIFT_VERSION = 5.0;
				TARGETED_DEVICE_FAMILY = "1,2";
			};
			name = Release;
		};
/* End XCBuildConfiguration section */

/* Begin XCConfigurationList section */
		83CF1424286954D800369F38 /* Build configuration list for PBXProject "MyWeather" */ = {
			isa = XCConfigurationList;
			buildConfigurations = (
				83CF143B286954DA00369F38 /* Debug */,
				83CF143C286954DA00369F38 /* Release */,
			);
			defaultConfigurationIsVisible = 0;
			defaultConfigurationName = Release;
		};
		83CF143D286954DA00369F38 /* Build configuration list for PBXNativeTarget "MyWeather" */ = {
			isa = XCConfigurationList;
			buildConfigurations = (
				83CF143E286954DA00369F38 /* Debug */,
				83CF143F286954DA00369F38 /* Release */,
			);
			defaultConfigurationIsVisible = 0;
			defaultConfigurationName = Release;
		};
/* End XCConfigurationList section */
	};
	rootObject = 83CF1421286954D800369F38 /* Project object */;
}
